
Microsoft Visual Studio Solution File, Format Version 12.00
# Visual Studio Version 16
VisualStudioVersion = 16.0.32510.428
MinimumVisualStudioVersion = 10.0.40219.1
Project("{FAE04EC0-301F-11D3-BF4B-00C04F79EFBC}") = "FlensaAPP.Android", "FlensaAPP.Android\FlensaAPP.Android.csproj", "{06EB1093-A545-414C-9129-95C0A67C0003}"
EndProject
Project("{FAE04EC0-301F-11D3-BF4B-00C04F79EFBC}") = "FlensaAPP.iOS", "FlensaAPP.iOS\FlensaAPP.iOS.csproj", "{1B5A4242-0430-4D9C-9FA8-7405F5D98C8B}"
EndProject
Project("{FAE04EC0-301F-11D3-BF4B-00C04F79EFBC}") = "FlensaAPP", "FlensaAPP\FlensaAPP.csproj", "{0E727C26-8FF4-4C01-A265-7D6A54227A36}"
EndProject
Global
	GlobalSection(SolutionConfigurationPlatforms) = preSolution
		Debug|Any CPU = Debug|Any CPU
		Debug|iPhone = Debug|iPhone
		Debug|iPhoneSimulator = Debug|iPhoneSimulator
		Release|Any CPU = Release|Any CPU
		Release|iPhone = Release|iPhone
		Release|iPhoneSimulator = Release|iPhoneSimulator
	EndGlobalSection
	GlobalSection(ProjectConfigurationPlatforms) = postSolution
		{06EB1093-A545-414C-9129-95C0A67C0003}.Debug|Any CPU.ActiveCfg = Debug|Any CPU
		{06EB1093-A545-414C-9129-95C0A67C0003}.Debug|Any CPU.Build.0 = Debug|Any CPU
		{06EB1093-A545-414C-9129-95C0A67C0003}.Debug|Any CPU.Deploy.0 = Debug|Any CPU
		{06EB1093-A545-414C-9129-95C0A67C0003}.Debug|iPhone.ActiveCfg = Debug|Any CPU
		{06EB1093-A545-414C-9129-95C0A67C0003}.Debug|iPhone.Build.0 = Debug|Any CPU
		{06EB1093-A545-414C-9129-95C0A67C0003}.Debug|iPhone.Deploy.0 = Debug|Any CPU
		{06EB1093-A545-414C-9129-95C0A67C0003}.Debug|iPhoneSimulator.ActiveCfg = Debug|Any CPU
		{06EB1093-A545-414C-9129-95C0A67C0003}.Debug|iPhoneSimulator.Build.0 = Debug|Any CPU
		{06EB1093-A545-414C-9129-95C0A67C0003}.Debug|iPhoneSimulator.Deploy.0 = Debug|Any CPU
		{06EB1093-A545-414C-9129-95C0A67C0003}.Release|Any CPU.ActiveCfg = Release|Any CPU
		{06EB1093-A545-414C-9129-95C0A67C0003}.Release|Any CPU.Build.0 = Release|Any CPU
		{06EB1093-A545-414C-9129-95C0A67C0003}.Release|Any CPU.Deploy.0 = Release|Any CPU
		{06EB1093-A545-414C-9129-95C0A67C0003}.Release|iPhone.ActiveCfg = Release|Any CPU
		{06EB1093-A545-414C-9129-95C0A67C0003}.Release|iPhone.Build.0 = Release|Any CPU
		{06EB1093-A545-414C-9129-95C0A67C0003}.Release|iPhone.Deploy.0 = Release|Any CPU
		{06EB1093-A545-414C-9129-95C0A67C0003}.Release|iPhoneSimulator.ActiveCfg = Release|Any CPU
		{06EB1093-A545-414C-9129-95C0A67C0003}.Release|iPhoneSimulator.Build.0 = Release|Any CPU
		{06EB1093-A545-414C-9129-95C0A67C0003}.Release|iPhoneSimulator.Deploy.0 = Release|Any CPU
		{1B5A4242-0430-4D9C-9FA8-7405F5D98C8B}.Debug|Any CPU.ActiveCfg = Debug|iPhone
		{1B5A4242-0430-4D9C-9FA8-7405F5D98C8B}.Debug|Any CPU.Build.0 = Debug|iPhone
		{1B5A4242-0430-4D9C-9FA8-7405F5D98C8B}.Debug|Any CPU.Deploy.0 = Debug|iPhone
		{1B5A4242-0430-4D9C-9FA8-7405F5D98C8B}.Debug|iPhone.ActiveCfg = Debug|iPhone
		{1B5A4242-0430-4D9C-9FA8-7405F5D98C8B}.Debug|iPhone.Build.0 = Debug|iPhone
		{1B5A4242-0430-4D9C-9FA8-7405F5D98C8B}.Debug|iPhone.Deploy.0 = Debug|iPhone
		{1B5A4242-0430-4D9C-9FA8-7405F5D98C8B}.Debug|iPhoneSimulator.ActiveCfg = Debug|iPhoneSimulator
		{1B5A4242-0430-4D9C-9FA8-7405F5D98C8B}.Debug|iPhoneSimulator.Build.0 = Debug|iPhoneSimulator
		{1B5A4242-0430-4D9C-9FA8-7405F5D98C8B}.Debug|iPhoneSimulator.Deploy.0 = Debug|iPhoneSimulator
		{1B5A4242-0430-4D9C-9FA8-7405F5D98C8B}.Release|Any CPU.ActiveCfg = Release|iPhoneSimulator
		{1B5A4242-0430-4D9C-9FA8-7405F5D98C8B}.Release|Any CPU.Build.0 = Release|iPhoneSimulator
		{1B5A4242-0430-4D9C-9FA8-7405F5D98C8B}.Release|Any CPU.Deploy.0 = Release|iPhoneSimulator
		{1B5A4242-0430-4D9C-9FA8-7405F5D98C8B}.Release|iPhone.ActiveCfg = Release|iPhone
		{1B5A4242-0430-4D9C-9FA8-7405F5D98C8B}.Release|iPhone.Build.0 = Release|iPhone
		{1B5A4242-0430-4D9C-9FA8-7405F5D98C8B}.Release|iPhone.Deploy.0 = Release|iPhone
		{1B5A4242-0430-4D9C-9FA8-7405F5D98C8B}.Release|iPhoneSimulator.ActiveCfg = Release|iPhoneSimulator
		{1B5A4242-0430-4D9C-9FA8-7405F5D98C8B}.Release|iPhoneSimulator.Build.0 = Release|iPhoneSimulator
		{1B5A4242-0430-4D9C-9FA8-7405F5D98C8B}.Release|iPhoneSimulator.Deploy.0 = Release|iPhoneSimulator
		{0E727C26-8FF4-4C01-A265-7D6A54227A36}.Debug|Any CPU.ActiveCfg = Debug|Any CPU
		{0E727C26-8FF4-4C01-A265-7D6A54227A36}.Debug|Any CPU.Build.0 = Debug|Any CPU
		{0E727C26-8FF4-4C01-A265-7D6A54227A36}.Debug|Any CPU.Deploy.0 = Debug|Any CPU
		{0E727C26-8FF4-4C01-A265-7D6A54227A36}.Debug|iPhone.ActiveCfg = Debug|Any CPU
		{0E727C26-8FF4-4C01-A265-7D6A54227A36}.Debug|iPhone.Build.0 = Debug|Any CPU
		{0E727C26-8FF4-4C01-A265-7D6A54227A36}.Debug|iPhone.Deploy.0 = Debug|Any CPU
		{0E727C26-8FF4-4C01-A265-7D6A54227A36}.Debug|iPhoneSimulator.ActiveCfg = Debug|Any CPU
		{0E727C26-8FF4-4C01-A265-7D6A54227A36}.Debug|iPhoneSimulator.Build.0 = Debug|Any CPU
		{0E727C26-8FF4-4C01-A265-7D6A54227A36}.Debug|iPhoneSimulator.Deploy.0 = Debug|Any CPU
		{0E727C26-8FF4-4C01-A265-7D6A54227A36}.Release|Any CPU.ActiveCfg = Release|Any CPU
		{0E727C26-8FF4-4C01-A265-7D6A54227A36}.Release|Any CPU.Build.0 = Release|Any CPU
		{0E727C26-8FF4-4C01-A265-7D6A54227A36}.Release|Any CPU.Deploy.0 = Release|Any CPU
		{0E727C26-8FF4-4C01-A265-7D6A54227A36}.Release|iPhone.ActiveCfg = Release|Any CPU
		{0E727C26-8FF4-4C01-A265-7D6A54227A36}.Release|iPhone.Build.0 = Release|Any CPU
		{0E727C26-8FF4-4C01-A265-7D6A54227A36}.Release|iPhone.Deploy.0 = Release|Any CPU
		{0E727C26-8FF4-4C01-A265-7D6A54227A36}.Release|iPhoneSimulator.ActiveCfg = Release|Any CPU
		{0E727C26-8FF4-4C01-A265-7D6A54227A36}.Release|iPhoneSimulator.Build.0 = Release|Any CPU
		{0E727C26-8FF4-4C01-A265-7D6A54227A36}.Release|iPhoneSimulator.Deploy.0 = Release|Any CPU
	EndGlobalSection
	GlobalSection(SolutionProperties) = preSolution
		HideSolutionNode = FALSE
	EndGlobalSection
	GlobalSection(ExtensibilityGlobals) = postSolution
		SolutionGuid = {72C554E7-7B3C-4D49-8740-B9E5CF785618}
	EndGlobalSection
EndGlobal
